<?xml version="1.0" encoding="utf-8"?>
<Project ToolsVersion="4.0" xmlns="http://schemas.microsoft.com/developer/msbuild/2003">
  <ItemGroup>
    <Filter Include="nodes">
      <UniqueIdentifier>{7E1C0410-EA30-2CC1-B3B2-CF201F8628F2}</UniqueIdentifier>
    </Filter>
    <Filter Include="pmonster">
      <UniqueIdentifier>{5D7A00AA-4947-5BB5-7260-495D5E8C9043}</UniqueIdentifier>
    </Filter>
    <Filter Include="pmonster\attack">
      <UniqueIdentifier>{647C07AA-D007-756E-D918-F8624523D16E}</UniqueIdentifier>
    </Filter>
    <Filter Include="pmonster\attack\children">
      <UniqueIdentifier>{3C361397-285B-6217-51A6-47A73D2A6135}</UniqueIdentifier>
    </Filter>
    <Filter Include="pmonster\children">
      <UniqueIdentifier>{55FCBF6D-C112-BE03-0A8A-492576DF8E8B}</UniqueIdentifier>
    </Filter>
    <Filter Include="scenes">
      <UniqueIdentifier>{A602591B-92A4-83F1-7B5F-974567A00A42}</UniqueIdentifier>
    </Filter>
  </ItemGroup>
  <ItemGroup>
    <ClInclude Include="consts.h" />
    <ClInclude Include="nodes\Button.h">
      <Filter>nodes</Filter>
    </ClInclude>
    <ClInclude Include="nodes\PMonNode.h">
      <Filter>nodes</Filter>
    </ClInclude>
    <ClInclude Include="nodes\TextButton.h">
      <Filter>nodes</Filter>
    </ClInclude>
    <ClInclude Include="pmonster\PMonEnums.h">
      <Filter>pmonster</Filter>
    </ClInclude>
    <ClInclude Include="pmonster\attack\children\BasicAttack.h">
      <Filter>pmonster\attack\children</Filter>
    </ClInclude>
    <ClInclude Include="pmonster\attack\children\Goop.h">
      <Filter>pmonster\attack\children</Filter>
    </ClInclude>
    <ClInclude Include="pmonster\attack\children\Slap.h">
      <Filter>pmonster\attack\children</Filter>
    </ClInclude>
    <ClInclude Include="pmonster\attack\iAttack.h">
      <Filter>pmonster\attack</Filter>
    </ClInclude>
    <ClInclude Include="pmonster\children\Gumboo.h">
      <Filter>pmonster\children</Filter>
    </ClInclude>
    <ClInclude Include="pmonster\iPMon.h">
      <Filter>pmonster</Filter>
    </ClInclude>
    <ClInclude Include="scenes\BattleScene.h">
      <Filter>scenes</Filter>
    </ClInclude>
  </ItemGroup>
  <ItemGroup>
    <ClCompile Include="main.cpp" />
    <ClCompile Include="nodes\Button.cpp">
      <Filter>nodes</Filter>
    </ClCompile>
    <ClCompile Include="nodes\PMonNode.cpp">
      <Filter>nodes</Filter>
    </ClCompile>
    <ClCompile Include="nodes\TextButton.cpp">
      <Filter>nodes</Filter>
    </ClCompile>
    <ClCompile Include="pmonster\PMonEnums.cpp">
      <Filter>pmonster</Filter>
    </ClCompile>
    <ClCompile Include="pmonster\attack\children\BasicAttack.cpp">
      <Filter>pmonster\attack\children</Filter>
    </ClCompile>
    <ClCompile Include="pmonster\attack\children\Goop.cpp">
      <Filter>pmonster\attack\children</Filter>
    </ClCompile>
    <ClCompile Include="pmonster\attack\children\Slap.cpp">
      <Filter>pmonster\attack\children</Filter>
    </ClCompile>
    <ClCompile Include="pmonster\attack\iAttack.cpp">
      <Filter>pmonster\attack</Filter>
    </ClCompile>
    <ClCompile Include="pmonster\children\Gumboo.cpp">
      <Filter>pmonster\children</Filter>
    </ClCompile>
    <ClCompile Include="pmonster\iPMon.cpp">
      <Filter>pmonster</Filter>
    </ClCompile>
    <ClCompile Include="scenes\BattleScene.cpp">
      <Filter>scenes</Filter>
    </ClCompile>
  </ItemGroup>
</Project>